
Microsoft Visual Studio Solution File, Format Version 12.00
# Visual Studio Version 17
VisualStudioVersion = 17.9.34701.34
MinimumVisualStudioVersion = 10.0.40219.1
Project("{FAE04EC0-301F-11D3-BF4B-00C04F79EFBC}") = "LibraryAPI", "LibraryAPI.csproj", "{63804F9F-49C2-4120-8D49-E396A2A79CE9}"
EndProject
Global
	GlobalSection(SolutionConfigurationPlatforms) = preSolution
		Debug|Any CPU = Debug|Any CPU
		Release|Any CPU = Release|Any CPU
	EndGlobalSection
	GlobalSection(ProjectConfigurationPlatforms) = postSolution
		{63804F9F-49C2-4120-8D49-E396A2A79CE9}.Debug|Any CPU.ActiveCfg = Debug|Any CPU
		{63804F9F-49C2-4120-8D49-E396A2A79CE9}.Debug|Any CPU.Build.0 = Debug|Any CPU
		{63804F9F-49C2-4120-8D49-E396A2A79CE9}.Release|Any CPU.ActiveCfg = Release|Any CPU
		{63804F9F-49C2-4120-8D49-E396A2A79CE9}.Release|Any CPU.Build.0 = Release|Any CPU
	EndGlobalSection
	GlobalSection(SolutionProperties) = preSolution
		HideSolutionNode = FALSE
	EndGlobalSection
	GlobalSection(ExtensibilityGlobals) = postSolution
		SolutionGuid = {B03105A0-FE5E-4D18-AEC6-7DCBFFC703F6}
	EndGlobalSection
EndGlobal
